// !$*UTF8*$!
{
	archiveVersion = 1;
	classes = {
	};
	objectVersion = 77;
	objects = {

/* Begin PBXContainerItemProxy section */
		FF0237222CD90F09005DD800 /* PBXContainerItemProxy */ = {
			isa = PBXContainerItemProxy;
			containerPortal = FF0237002CD90F09005DD800 /* Project object */;
			proxyType = 1;
			remoteGlobalIDString = FF0237072CD90F09005DD800;
			remoteInfo = AngryBirdsClone;
		};
		FF02372C2CD90F0A005DD800 /* PBXContainerItemProxy */ = {
			isa = PBXContainerItemProxy;
			containerPortal = FF0237002CD90F09005DD800 /* Project object */;
			proxyType = 1;
			remoteGlobalIDString = FF0237072CD90F09005DD800;
			remoteInfo = AngryBirdsClone;
		};
/* End PBXContainerItemProxy section */

/* Begin PBXFileReference section */
		FF0237082CD90F09005DD800 /* AngryBirdsClone.app */ = {isa = PBXFileReference; explicitFileType = wrapper.application; includeInIndex = 0; path = AngryBirdsClone.app; sourceTree = BUILT_PRODUCTS_DIR; };
		FF0237212CD90F09005DD800 /* AngryBirdsCloneTests.xctest */ = {isa = PBXFileReference; explicitFileType = wrapper.cfbundle; includeInIndex = 0; path = AngryBirdsCloneTests.xctest; sourceTree = BUILT_PRODUCTS_DIR; };
		FF02372B2CD90F0A005DD800 /* AngryBirdsCloneUITests.xctest */ = {isa = PBXFileReference; explicitFileType = wrapper.cfbundle; includeInIndex = 0; path = AngryBirdsCloneUITests.xctest; sourceTree = BUILT_PRODUCTS_DIR; };
/* End PBXFileReference section */

/* Begin PBXFileSystemSynchronizedRootGroup section */
		FF02370A2CD90F09005DD800 /* AngryBirdsClone */ = {
			isa = PBXFileSystemSynchronizedRootGroup;
			path = AngryBirdsClone;
			sourceTree = "<group>";
		};
		FF0237242CD90F09005DD800 /* AngryBirdsCloneTests */ = {
			isa = PBXFileSystemSynchronizedRootGroup;
			path = AngryBirdsCloneTests;
			sourceTree = "<group>";
		};
		FF02372E2CD90F0A005DD800 /* AngryBirdsCloneUITests */ = {
			isa = PBXFileSystemSynchronizedRootGroup;
			path = AngryBirdsCloneUITests;
			sourceTree = "<group>";
		};
/* End PBXFileSystemSynchronizedRootGroup section */

/* Begin PBXFrameworksBuildPhase section */
		FF0237052CD90F09005DD800 /* Frameworks */ = {
			isa = PBXFrameworksBuildPhase;
			buildActionMask = 2147483647;
			files = (
			);
			runOnlyForDeploymentPostprocessing = 0;
		};
		FF02371E2CD90F09005DD800 /* Frameworks */ = {
			isa = PBXFrameworksBuildPhase;
			buildActionMask = 2147483647;
			files = (
			);
			runOnlyForDeploymentPostprocessing = 0;
		};
		FF0237282CD90F0A005DD800 /* Frameworks */ = {
			isa = PBXFrameworksBuildPhase;
			buildActionMask = 2147483647;
			files = (
			);
			runOnlyForDeploymentPostprocessing = 0;
		};
/* End PBXFrameworksBuildPhase section */

/* Begin PBXGroup section */
		FF0236FF2CD90F09005DD800 = {
			isa = PBXGroup;
			children = (
				FF02370A2CD90F09005DD800 /* AngryBirdsClone */,
				FF0237242CD90F09005DD800 /* AngryBirdsCloneTests */,
				FF02372E2CD90F0A005DD800 /* AngryBirdsCloneUITests */,
				FF0237092CD90F09005DD800 /* Products */,
			);
			sourceTree = "<group>";
		};
		FF0237092CD90F09005DD800 /* Products */ = {
			isa = PBXGroup;
			children = (
				FF0237082CD90F09005DD800 /* AngryBirdsClone.app */,
				FF0237212CD90F09005DD800 /* AngryBirdsCloneTests.xctest */,
				FF02372B2CD90F0A005DD800 /* AngryBirdsCloneUITests.xctest */,
			);
			name = Products;
			sourceTree = "<group>";
		};
/* End PBXGroup section */

/* Begin PBXNativeTarget section */
		FF0237072CD90F09005DD800 /* AngryBirdsClone */ = {
			isa = PBXNativeTarget;
			buildConfigurationList = FF0237352CD90F0A005DD800 /* Build configuration list for PBXNativeTarget "AngryBirdsClone" */;
			buildPhases = (
				FF0237042CD90F09005DD800 /* Sources */,
				FF0237052CD90F09005DD800 /* Frameworks */,
				FF0237062CD90F09005DD800 /* Resources */,
			);
			buildRules = (
			);
			dependencies = (
			);
			fileSystemSynchronizedGroups = (
				FF02370A2CD90F09005DD800 /* AngryBirdsClone */,
			);
			name = AngryBirdsClone;
			packageProductDependencies = (
			);
			productName = AngryBirdsClone;
			productReference = FF0237082CD90F09005DD800 /* AngryBirdsClone.app */;
			productType = "com.apple.product-type.application";
		};
		FF0237202CD90F09005DD800 /* AngryBirdsCloneTests */ = {
			isa = PBXNativeTarget;
			buildConfigurationList = FF0237382CD90F0A005DD800 /* Build configuration list for PBXNativeTarget "AngryBirdsCloneTests" */;
			buildPhases = (
				FF02371D2CD90F09005DD800 /* Sources */,
				FF02371E2CD90F09005DD800 /* Frameworks */,
				FF02371F2CD90F09005DD800 /* Resources */,
			);
			buildRules = (
			);
			dependencies = (
				FF0237232CD90F09005DD800 /* PBXTargetDependency */,
			);
			fileSystemSynchronizedGroups = (
				FF0237242CD90F09005DD800 /* AngryBirdsCloneTests */,
			);
			name = AngryBirdsCloneTests;
			packageProductDependencies = (
			);
			productName = AngryBirdsCloneTests;
			productReference = FF0237212CD90F09005DD800 /* AngryBirdsCloneTests.xctest */;
			productType = "com.apple.product-type.bundle.unit-test";
		};
		FF02372A2CD90F0A005DD800 /* AngryBirdsCloneUITests */ = {
			isa = PBXNativeTarget;
			buildConfigurationList = FF02373B2CD90F0A005DD800 /* Build configuration list for PBXNativeTarget "AngryBirdsCloneUITests" */;
			buildPhases = (
				FF0237272CD90F0A005DD800 /* Sources */,
				FF0237282CD90F0A005DD800 /* Frameworks */,
				FF0237292CD90F0A005DD800 /* Resources */,
			);
			buildRules = (
			);
			dependencies = (
				FF02372D2CD90F0A005DD800 /* PBXTargetDependency */,
			);
			fileSystemSynchronizedGroups = (
				FF02372E2CD90F0A005DD800 /* AngryBirdsCloneUITests */,
			);
			name = AngryBirdsCloneUITests;
			packageProductDependencies = (
			);
			productName = AngryBirdsCloneUITests;
			productReference = FF02372B2CD90F0A005DD800 /* AngryBirdsCloneUITests.xctest */;
			productType = "com.apple.product-type.bundle.ui-testing";
		};
/* End PBXNativeTarget section */

/* Begin PBXProject section */
		FF0237002CD90F09005DD800 /* Project object */ = {
			isa = PBXProject;
			attributes = {
				BuildIndependentTargetsInParallel = 1;
				LastSwiftUpdateCheck = 1600;
				LastUpgradeCheck = 1600;
				TargetAttributes = {
					FF0237072CD90F09005DD800 = {
						CreatedOnToolsVersion = 16.0;
					};
					FF0237202CD90F09005DD800 = {
						CreatedOnToolsVersion = 16.0;
						TestTargetID = FF0237072CD90F09005DD800;
					};
					FF02372A2CD90F0A005DD800 = {
						CreatedOnToolsVersion = 16.0;
						TestTargetID = FF0237072CD90F09005DD800;
					};
				};
			};
			buildConfigurationList = FF0237032CD90F09005DD800 /* Build configuration list for PBXProject "AngryBirdsClone" */;
			developmentRegion = en;
			hasScannedForEncodings = 0;
			knownRegions = (
				en,
				Base,
			);
			mainGroup = FF0236FF2CD90F09005DD800;
			minimizedProjectReferenceProxies = 1;
			preferredProjectObjectVersion = 77;
			productRefGroup = FF0237092CD90F09005DD800 /* Products */;
			projectDirPath = "";
			projectRoot = "";
			targets = (
				FF0237072CD90F09005DD800 /* AngryBirdsClone */,
				FF0237202CD90F09005DD800 /* AngryBirdsCloneTests */,
				FF02372A2CD90F0A005DD800 /* AngryBirdsCloneUITests */,
			);
		};
/* End PBXProject section */

/* Begin PBXResourcesBuildPhase section */
		FF0237062CD90F09005DD800 /* Resources */ = {
			isa = PBXResourcesBuildPhase;
			buildActionMask = 2147483647;
			files = (
			);
			runOnlyForDeploymentPostprocessing = 0;
		};
		FF02371F2CD90F09005DD800 /* Resources */ = {
			isa = PBXResourcesBuildPhase;
			buildActionMask = 2147483647;
			files = (
			);
			runOnlyForDeploymentPostprocessing = 0;
		};
		FF0237292CD90F0A005DD800 /* Resources */ = {
			isa = PBXResourcesBuildPhase;
			buildActionMask = 2147483647;
			files = (
			);
			runOnlyForDeploymentPostprocessing = 0;
		};
/* End PBXResourcesBuildPhase section */

/* Begin PBXSourcesBuildPhase section */
		FF0237042CD90F09005DD800 /* Sources */ = {
			isa = PBXSourcesBuildPhase;
			buildActionMask = 2147483647;
			files = (
			);
			runOnlyForDeploymentPostprocessing = 0;
		};
		FF02371D2CD90F09005DD800 /* Sources */ = {
			isa = PBXSourcesBuildPhase;
			buildActionMask = 2147483647;
			files = (
			);
			runOnlyForDeploymentPostprocessing = 0;
		};
		FF0237272CD90F0A005DD800 /* Sources */ = {
			isa = PBXSourcesBuildPhase;
			buildActionMask = 2147483647;
			files = (
			);
			runOnlyForDeploymentPostprocessing = 0;
		};
/* End PBXSourcesBuildPhase section */

/* Begin PBXTargetDependency section */
		FF0237232CD90F09005DD800 /* PBXTargetDependency */ = {
			isa = PBXTargetDependency;
			target = FF0237072CD90F09005DD800 /* AngryBirdsClone */;
			targetProxy = FF0237222CD90F09005DD800 /* PBXContainerItemProxy */;
		};
		FF02372D2CD90F0A005DD800 /* PBXTargetDependency */ = {
			isa = PBXTargetDependency;
			target = FF0237072CD90F09005DD800 /* AngryBirdsClone */;
			targetProxy = FF02372C2CD90F0A005DD800 /* PBXContainerItemProxy */;
		};
/* End PBXTargetDependency section */

/* Begin XCBuildConfiguration section */
		FF0237332CD90F0A005DD800 /* Debug */ = {
			isa = XCBuildConfiguration;
			buildSettings = {
				ALWAYS_SEARCH_USER_PATHS = NO;
				ASSETCATALOG_COMPILER_GENERATE_SWIFT_ASSET_SYMBOL_EXTENSIONS = YES;
				CLANG_ANALYZER_NONNULL = YES;
				CLANG_ANALYZER_NUMBER_OBJECT_CONVERSION = YES_AGGRESSIVE;
				CLANG_CXX_LANGUAGE_STANDARD = "gnu++20";
				CLANG_ENABLE_MODULES = YES;
				CLANG_ENABLE_OBJC_ARC = YES;
				CLANG_ENABLE_OBJC_WEAK = YES;
				CLANG_WARN_BLOCK_CAPTURE_AUTORELEASING = YES;
				CLANG_WARN_BOOL_CONVERSION = YES;
				CLANG_WARN_COMMA = YES;
				CLANG_WARN_CONSTANT_CONVERSION = YES;
				CLANG_WARN_DEPRECATED_OBJC_IMPLEMENTATIONS = YES;
				CLANG_WARN_DIRECT_OBJC_ISA_USAGE = YES_ERROR;
				CLANG_WARN_DOCUMENTATION_COMMENTS = YES;
				CLANG_WARN_EMPTY_BODY = YES;
				CLANG_WARN_ENUM_CONVERSION = YES;
				CLANG_WARN_INFINITE_RECURSION = YES;
				CLANG_WARN_INT_CONVERSION = YES;
				CLANG_WARN_NON_LITERAL_NULL_CONVERSION = YES;
				CLANG_WARN_OBJC_IMPLICIT_RETAIN_SELF = YES;
				CLANG_WARN_OBJC_LITERAL_CONVERSION = YES;
				CLANG_WARN_OBJC_ROOT_CLASS = YES_ERROR;
				CLANG_WARN_QUOTED_INCLUDE_IN_FRAMEWORK_HEADER = YES;
				CLANG_WARN_RANGE_LOOP_ANALYSIS = YES;
				CLANG_WARN_STRICT_PROTOTYPES = YES;
				CLANG_WARN_SUSPICIOUS_MOVE = YES;
				CLANG_WARN_UNGUARDED_AVAILABILITY = YES_AGGRESSIVE;
				CLANG_WARN_UNREACHABLE_CODE = YES;
				CLANG_WARN__DUPLICATE_METHOD_MATCH = YES;
				COPY_PHASE_STRIP = NO;
				DEBUG_INFORMATION_FORMAT = dwarf;
				ENABLE_STRICT_OBJC_MSGSEND = YES;
				ENABLE_TESTABILITY = YES;
				ENABLE_USER_SCRIPT_SANDBOXING = YES;
				GCC_C_LANGUAGE_STANDARD = gnu17;
				GCC_DYNAMIC_NO_PIC = NO;
				GCC_NO_COMMON_BLOCKS = YES;
				GCC_OPTIMIZATION_LEVEL = 0;
				GCC_PREPROCESSOR_DEFINITIONS = (
					"DEBUG=1",
					"$(inherited)",
				);
				GCC_WARN_64_TO_32_BIT_CONVERSION = YES;
				GCC_WARN_ABOUT_RETURN_TYPE = YES_ERROR;
				GCC_WARN_UNDECLARED_SELECTOR = YES;
				GCC_WARN_UNINITIALIZED_AUTOS = YES_AGGRESSIVE;
				GCC_WARN_UNUSED_FUNCTION = YES;
				GCC_WARN_UNUSED_VARIABLE = YES;
				IPHONEOS_DEPLOYMENT_TARGET = 18.0;
				LOCALIZATION_PREFERS_STRING_CATALOGS = YES;
				MTL_ENABLE_DEBUG_INFO = INCLUDE_SOURCE;
				MTL_FAST_MATH = YES;
				ONLY_ACTIVE_ARCH = YES;
				SDKROOT = iphoneos;
				SWIFT_ACTIVE_COMPILATION_CONDITIONS = "DEBUG $(inherited)";
				SWIFT_OPTIMIZATION_LEVEL = "-Onone";
			};
			name = Debug;
		};
		FF0237342CD90F0A005DD800 /* Release */ = {
			isa = XCBuildConfiguration;
			buildSettings = {
				ALWAYS_SEARCH_USER_PATHS = NO;
				ASSETCATALOG_COMPILER_GENERATE_SWIFT_ASSET_SYMBOL_EXTENSIONS = YES;
				CLANG_ANALYZER_NONNULL = YES;
				CLANG_ANALYZER_NUMBER_OBJECT_CONVERSION = YES_AGGRESSIVE;
				CLANG_CXX_LANGUAGE_STANDARD = "gnu++20";
				CLANG_ENABLE_MODULES = YES;
				CLANG_ENABLE_OBJC_ARC = YES;
				CLANG_ENABLE_OBJC_WEAK = YES;
				CLANG_WARN_BLOCK_CAPTURE_AUTORELEASING = YES;
				CLANG_WARN_BOOL_CONVERSION = YES;
				CLANG_WARN_COMMA = YES;
				CLANG_WARN_CONSTANT_CONVERSION = YES;
				CLANG_WARN_DEPRECATED_OBJC_IMPLEMENTATIONS = YES;
				CLANG_WARN_DIRECT_OBJC_ISA_USAGE = YES_ERROR;
				CLANG_WARN_DOCUMENTATION_COMMENTS = YES;
				CLANG_WARN_EMPTY_BODY = YES;
				CLANG_WARN_ENUM_CONVERSION = YES;
				CLANG_WARN_INFINITE_RECURSION = YES;
				CLANG_WARN_INT_CONVERSION = YES;
				CLANG_WARN_NON_LITERAL_NULL_CONVERSION = YES;
				CLANG_WARN_OBJC_IMPLICIT_RETAIN_SELF = YES;
				CLANG_WARN_OBJC_LITERAL_CONVERSION = YES;
				CLANG_WARN_OBJC_ROOT_CLASS = YES_ERROR;
				CLANG_WARN_QUOTED_INCLUDE_IN_FRAMEWORK_HEADER = YES;
				CLANG_WARN_RANGE_LOOP_ANALYSIS = YES;
				CLANG_WARN_STRICT_PROTOTYPES = YES;
				CLANG_WARN_SUSPICIOUS_MOVE = YES;
				CLANG_WARN_UNGUARDED_AVAILABILITY = YES_AGGRESSIVE;
				CLANG_WARN_UNREACHABLE_CODE = YES;
				CLANG_WARN__DUPLICATE_METHOD_MATCH = YES;
				COPY_PHASE_STRIP = NO;
				DEBUG_INFORMATION_FORMAT = "dwarf-with-dsym";
				ENABLE_NS_ASSERTIONS = NO;
				ENABLE_STRICT_OBJC_MSGSEND = YES;
				ENABLE_USER_SCRIPT_SANDBOXING = YES;
				GCC_C_LANGUAGE_STANDARD = gnu17;
				GCC_NO_COMMON_BLOCKS = YES;
				GCC_WARN_64_TO_32_BIT_CONVERSION = YES;
				GCC_WARN_ABOUT_RETURN_TYPE = YES_ERROR;
				GCC_WARN_UNDECLARED_SELECTOR = YES;
				GCC_WARN_UNINITIALIZED_AUTOS = YES_AGGRESSIVE;
				GCC_WARN_UNUSED_FUNCTION = YES;
				GCC_WARN_UNUSED_VARIABLE = YES;
				IPHONEOS_DEPLOYMENT_TARGET = 18.0;
				LOCALIZATION_PREFERS_STRING_CATALOGS = YES;
				MTL_ENABLE_DEBUG_INFO = NO;
				MTL_FAST_MATH = YES;
				SDKROOT = iphoneos;
				SWIFT_COMPILATION_MODE = wholemodule;
				VALIDATE_PRODUCT = YES;
			};
			name = Release;
		};
		FF0237362CD90F0A005DD800 /* Debug */ = {
			isa = XCBuildConfiguration;
			buildSettings = {
				ASSETCATALOG_COMPILER_APPICON_NAME = AppIcon;
				ASSETCATALOG_COMPILER_GLOBAL_ACCENT_COLOR_NAME = AccentColor;
				CODE_SIGN_STYLE = Automatic;
				CURRENT_PROJECT_VERSION = 1;
				GENERATE_INFOPLIST_FILE = YES;
				INFOPLIST_KEY_UIApplicationSupportsIndirectInputEvents = YES;
				INFOPLIST_KEY_UILaunchStoryboardName = LaunchScreen;
				INFOPLIST_KEY_UIMainStoryboardFile = Main;
				INFOPLIST_KEY_UIStatusBarHidden = YES;
				INFOPLIST_KEY_UISupportedInterfaceOrientations = "UIInterfaceOrientationLandscapeLeft UIInterfaceOrientationLandscapeRight";
				INFOPLIST_KEY_UISupportedInterfaceOrientations_iPad = "UIInterfaceOrientationLandscapeLeft UIInterfaceOrientationLandscapeRight UIInterfaceOrientationPortrait UIInterfaceOrientationPortraitUpsideDown";
				LD_RUNPATH_SEARCH_PATHS = (
					"$(inherited)",
					"@executable_path/Frameworks",
				);
				MARKETING_VERSION = 1.0;
				PRODUCT_BUNDLE_IDENTIFIER = com.omerapaydin.AngryBirdsClone;
				PRODUCT_NAME = "$(TARGET_NAME)";
				SWIFT_EMIT_LOC_STRINGS = YES;
				SWIFT_VERSION = 5.0;
				TARGETED_DEVICE_FAMILY = "1,2";
			};
			name = Debug;
		};
		FF0237372CD90F0A005DD800 /* Release */ = {
			isa = XCBuildConfiguration;
			buildSettings = {
				ASSETCATALOG_COMPILER_APPICON_NAME = AppIcon;
				ASSETCATALOG_COMPILER_GLOBAL_ACCENT_COLOR_NAME = AccentColor;
				CODE_SIGN_STYLE = Automatic;
				CURRENT_PROJECT_VERSION = 1;
				GENERATE_INFOPLIST_FILE = YES;
				INFOPLIST_KEY_UIApplicationSupportsIndirectInputEvents = YES;
				INFOPLIST_KEY_UILaunchStoryboardName = LaunchScreen;
				INFOPLIST_KEY_UIMainStoryboardFile = Main;
				INFOPLIST_KEY_UIStatusBarHidden = YES;
				INFOPLIST_KEY_UISupportedInterfaceOrientations = "UIInterfaceOrientationLandscapeLeft UIInterfaceOrientationLandscapeRight";
				INFOPLIST_KEY_UISupportedInterfaceOrientations_iPad = "UIInterfaceOrientationLandscapeLeft UIInterfaceOrientationLandscapeRight UIInterfaceOrientationPortrait UIInterfaceOrientationPortraitUpsideDown";
				LD_RUNPATH_SEARCH_PATHS = (
					"$(inherited)",
					"@executable_path/Frameworks",
				);
				MARKETING_VERSION = 1.0;
				PRODUCT_BUNDLE_IDENTIFIER = com.omerapaydin.AngryBirdsClone;
				PRODUCT_NAME = "$(TARGET_NAME)";
				SWIFT_EMIT_LOC_STRINGS = YES;
				SWIFT_VERSION = 5.0;
				TARGETED_DEVICE_FAMILY = "1,2";
			};
			name = Release;
		};
		FF0237392CD90F0A005DD800 /* Debug */ = {
			isa = XCBuildConfiguration;
			buildSettings = {
				BUNDLE_LOADER = "$(TEST_HOST)";
				CODE_SIGN_STYLE = Automatic;
				CURRENT_PROJECT_VERSION = 1;
				GENERATE_INFOPLIST_FILE = YES;
				IPHONEOS_DEPLOYMENT_TARGET = 18.0;
				MARKETING_VERSION = 1.0;
				PRODUCT_BUNDLE_IDENTIFIER = com.omerapaydin.AngryBirdsCloneTests;
				PRODUCT_NAME = "$(TARGET_NAME)";
				SWIFT_EMIT_LOC_STRINGS = NO;
				SWIFT_VERSION = 5.0;
				TARGETED_DEVICE_FAMILY = "1,2";
				TEST_HOST = "$(BUILT_PRODUCTS_DIR)/AngryBirdsClone.app/$(BUNDLE_EXECUTABLE_FOLDER_PATH)/AngryBirdsClone";
			};
			name = Debug;
		};
		FF02373A2CD90F0A005DD800 /* Release */ = {
			isa = XCBuildConfiguration;
			buildSettings = {
				BUNDLE_LOADER = "$(TEST_HOST)";
				CODE_SIGN_STYLE = Automatic;
				CURRENT_PROJECT_VERSION = 1;
				GENERATE_INFOPLIST_FILE = YES;
				IPHONEOS_DEPLOYMENT_TARGET = 18.0;
				MARKETING_VERSION = 1.0;
				PRODUCT_BUNDLE_IDENTIFIER = com.omerapaydin.AngryBirdsCloneTests;
				PRODUCT_NAME = "$(TARGET_NAME)";
				SWIFT_EMIT_LOC_STRINGS = NO;
				SWIFT_VERSION = 5.0;
				TARGETED_DEVICE_FAMILY = "1,2";
				TEST_HOST = "$(BUILT_PRODUCTS_DIR)/AngryBirdsClone.app/$(BUNDLE_EXECUTABLE_FOLDER_PATH)/AngryBirdsClone";
			};
			name = Release;
		};
		FF02373C2CD90F0A005DD800 /* Debug */ = {
			isa = XCBuildConfiguration;
			buildSettings = {
				CODE_SIGN_STYLE = Automatic;
				CURRENT_PROJECT_VERSION = 1;
				GENERATE_INFOPLIST_FILE = YES;
				MARKETING_VERSION = 1.0;
				PRODUCT_BUNDLE_IDENTIFIER = com.omerapaydin.AngryBirdsCloneUITests;
				PRODUCT_NAME = "$(TARGET_NAME)";
				SWIFT_EMIT_LOC_STRINGS = NO;
				SWIFT_VERSION = 5.0;
				TARGETED_DEVICE_FAMILY = "1,2";
				TEST_TARGET_NAME = AngryBirdsClone;
			};
			name = Debug;
		};
		FF02373D2CD90F0A005DD800 /* Release */ = {
			isa = XCBuildConfiguration;
			buildSettings = {
				CODE_SIGN_STYLE = Automatic;
				CURRENT_PROJECT_VERSION = 1;
				GENERATE_INFOPLIST_FILE = YES;
				MARKETING_VERSION = 1.0;
				PRODUCT_BUNDLE_IDENTIFIER = com.omerapaydin.AngryBirdsCloneUITests;
				PRODUCT_NAME = "$(TARGET_NAME)";
				SWIFT_EMIT_LOC_STRINGS = NO;
				SWIFT_VERSION = 5.0;
				TARGETED_DEVICE_FAMILY = "1,2";
				TEST_TARGET_NAME = AngryBirdsClone;
			};
			name = Release;
		};
/* End XCBuildConfiguration section */

/* Begin XCConfigurationList section */
		FF0237032CD90F09005DD800 /* Build configuration list for PBXProject "AngryBirdsClone" */ = {
			isa = XCConfigurationList;
			buildConfigurations = (
				FF0237332CD90F0A005DD800 /* Debug */,
				FF0237342CD90F0A005DD800 /* Release */,
			);
			defaultConfigurationIsVisible = 0;
			defaultConfigurationName = Release;
		};
		FF0237352CD90F0A005DD800 /* Build configuration list for PBXNativeTarget "AngryBirdsClone" */ = {
			isa = XCConfigurationList;
			buildConfigurations = (
				FF0237362CD90F0A005DD800 /* Debug */,
				FF0237372CD90F0A005DD800 /* Release */,
			);
			defaultConfigurationIsVisible = 0;
			defaultConfigurationName = Release;
		};
		FF0237382CD90F0A005DD800 /* Build configuration list for PBXNativeTarget "AngryBirdsCloneTests" */ = {
			isa = XCConfigurationList;
			buildConfigurations = (
				FF0237392CD90F0A005DD800 /* Debug */,
				FF02373A2CD90F0A005DD800 /* Release */,
			);
			defaultConfigurationIsVisible = 0;
			defaultConfigurationName = Release;
		};
		FF02373B2CD90F0A005DD800 /* Build configuration list for PBXNativeTarget "AngryBirdsCloneUITests" */ = {
			isa = XCConfigurationList;
			buildConfigurations = (
				FF02373C2CD90F0A005DD800 /* Debug */,
				FF02373D2CD90F0A005DD800 /* Release */,
			);
			defaultConfigurationIsVisible = 0;
			defaultConfigurationName = Release;
		};
/* End XCConfigurationList section */
	};
	rootObject = FF0237002CD90F09005DD800 /* Project object */;
}
